// !$*UTF8*$!
{
	archiveVersion = 1;
	classes = {
	};
	objectVersion = 56;
	objects = {

/* Begin PBXBuildFile section */
		17E727C32ABA5F340015858F /* MidTerm Problem 2.cpp in Sources */ = {isa = PBXBuildFile; fileRef = 17E727C22ABA5F340015858F /* MidTerm Problem 2.cpp */; };
/* End PBXBuildFile section */

/* Begin PBXCopyFilesBuildPhase section */
		173315D72A91C62500966230 /* CopyFiles */ = {
			isa = PBXCopyFilesBuildPhase;
			buildActionMask = 2147483647;
			dstPath = /usr/share/man/man1/;
			dstSubfolderSpec = 0;
			files = (
			);
			runOnlyForDeploymentPostprocessing = 1;
		};
/* End PBXCopyFilesBuildPhase section */

/* Begin PBXFileReference section */
		171CBACA2A9990BB00AA771E /* Assignment 02 Part 2.cpp */ = {isa = PBXFileReference; lastKnownFileType = sourcecode.cpp.cpp; path = "Assignment 02 Part 2.cpp"; sourceTree = "<group>"; };
		171CBACC2A9992F600AA771E /* Assignment 02 Part 1.cpp */ = {isa = PBXFileReference; lastKnownFileType = sourcecode.cpp.cpp; path = "Assignment 02 Part 1.cpp"; sourceTree = "<group>"; };
		171CBACE2A99933300AA771E /* vector.h */ = {isa = PBXFileReference; lastKnownFileType = sourcecode.c.h; path = vector.h; sourceTree = "<group>"; };
		171CBACF2A9995EE00AA771E /* Assignment 02 Part 3.cpp */ = {isa = PBXFileReference; lastKnownFileType = sourcecode.cpp.cpp; path = "Assignment 02 Part 3.cpp"; sourceTree = "<group>"; };
		173315D92A91C62500966230 /* CS372 */ = {isa = PBXFileReference; explicitFileType = "compiled.mach-o.executable"; includeInIndex = 0; path = CS372; sourceTree = BUILT_PRODUCTS_DIR; };
		173315E32A91C67D00966230 /* Assignment 01 Part 1.cpp */ = {isa = PBXFileReference; lastKnownFileType = sourcecode.cpp.cpp; path = "Assignment 01 Part 1.cpp"; sourceTree = "<group>"; };
		173315E52A91CDCC00966230 /* Assignment 01 Part 2.2.cpp */ = {isa = PBXFileReference; lastKnownFileType = sourcecode.cpp.cpp; path = "Assignment 01 Part 2.2.cpp"; sourceTree = "<group>"; };
		173315E72A91D01200966230 /* Assignment 01 Part 2.1.cpp */ = {isa = PBXFileReference; lastKnownFileType = sourcecode.cpp.cpp; path = "Assignment 01 Part 2.1.cpp"; sourceTree = "<group>"; };
		1738A9D02AA77FDE00F78CF6 /* Assignment 03 Part 1.cpp */ = {isa = PBXFileReference; lastKnownFileType = sourcecode.cpp.cpp; path = "Assignment 03 Part 1.cpp"; sourceTree = "<group>"; };
		1738A9D22AA7803D00F78CF6 /* list.h */ = {isa = PBXFileReference; lastKnownFileType = sourcecode.c.h; path = list.h; sourceTree = "<group>"; };
		1738A9D32AA7849600F78CF6 /* Assignment 03 Part 2.cpp */ = {isa = PBXFileReference; lastKnownFileType = sourcecode.cpp.cpp; path = "Assignment 03 Part 2.cpp"; sourceTree = "<group>"; };
		1738A9D72AA7873400F78CF6 /* bag.h */ = {isa = PBXFileReference; lastKnownFileType = sourcecode.c.h; path = bag.h; sourceTree = "<group>"; };
		1738A9D82AA7886000F78CF6 /* circularlist.h */ = {isa = PBXFileReference; lastKnownFileType = sourcecode.c.h; path = circularlist.h; sourceTree = "<group>"; };
		1738A9D92AA78A2E00F78CF6 /* prioritylist.h */ = {isa = PBXFileReference; lastKnownFileType = sourcecode.c.h; path = prioritylist.h; sourceTree = "<group>"; };
		17ADE3E82AB1193000FEA463 /* Assignment 04 Part 1.cpp */ = {isa = PBXFileReference; lastKnownFileType = sourcecode.cpp.cpp; path = "Assignment 04 Part 1.cpp"; sourceTree = "<group>"; };
		17ADE3EA2AB1194000FEA463 /* Assignment 04 Part 2.cpp */ = {isa = PBXFileReference; lastKnownFileType = sourcecode.cpp.cpp; path = "Assignment 04 Part 2.cpp"; sourceTree = "<group>"; };
		17ADE3EC2AB1194A00FEA463 /* Assignment 04 Part 3.cpp */ = {isa = PBXFileReference; lastKnownFileType = sourcecode.cpp.cpp; path = "Assignment 04 Part 3.cpp"; sourceTree = "<group>"; };
		17ADE3EE2AB1285800FEA463 /* seqcontainer.h */ = {isa = PBXFileReference; lastKnownFileType = sourcecode.c.h; path = seqcontainer.h; sourceTree = "<group>"; };
		17ADE3F22AB1368700FEA463 /* stack.h */ = {isa = PBXFileReference; lastKnownFileType = sourcecode.c.h; path = stack.h; sourceTree = "<group>"; };
		17E727C22ABA5F340015858F /* MidTerm Problem 2.cpp */ = {isa = PBXFileReference; lastKnownFileType = sourcecode.cpp.cpp; path = "MidTerm Problem 2.cpp"; sourceTree = "<group>"; };
		17E727C72ABA606C0015858F /* selfadjustinglist.h */ = {isa = PBXFileReference; lastKnownFileType = sourcecode.c.h; path = selfadjustinglist.h; sourceTree = "<group>"; };
		17E727C82ABA67AF0015858F /* newlist.h */ = {isa = PBXFileReference; lastKnownFileType = sourcecode.c.h; name = newlist.h; path = ../newlist.h; sourceTree = "<group>"; };
/* End PBXFileReference section */

/* Begin PBXFrameworksBuildPhase section */
		173315D62A91C62500966230 /* Frameworks */ = {
			isa = PBXFrameworksBuildPhase;
			buildActionMask = 2147483647;
			files = (
			);
			runOnlyForDeploymentPostprocessing = 0;
		};
/* End PBXFrameworksBuildPhase section */

/* Begin PBXGroup section */
		173315D02A91C62500966230 = {
			isa = PBXGroup;
			children = (
				173315DB2A91C62500966230 /* CS372 */,
				173315DA2A91C62500966230 /* Products */,
			);
			sourceTree = "<group>";
		};
		173315DA2A91C62500966230 /* Products */ = {
			isa = PBXGroup;
			children = (
				173315D92A91C62500966230 /* CS372 */,
			);
			name = Products;
			sourceTree = "<group>";
		};
		173315DB2A91C62500966230 /* CS372 */ = {
			isa = PBXGroup;
			children = (
				173315E32A91C67D00966230 /* Assignment 01 Part 1.cpp */,
				173315E72A91D01200966230 /* Assignment 01 Part 2.1.cpp */,
				173315E52A91CDCC00966230 /* Assignment 01 Part 2.2.cpp */,
				171CBACC2A9992F600AA771E /* Assignment 02 Part 1.cpp */,
				171CBACA2A9990BB00AA771E /* Assignment 02 Part 2.cpp */,
				171CBACF2A9995EE00AA771E /* Assignment 02 Part 3.cpp */,
				1738A9D02AA77FDE00F78CF6 /* Assignment 03 Part 1.cpp */,
				1738A9D32AA7849600F78CF6 /* Assignment 03 Part 2.cpp */,
				17ADE3E82AB1193000FEA463 /* Assignment 04 Part 1.cpp */,
				17ADE3EA2AB1194000FEA463 /* Assignment 04 Part 2.cpp */,
				17ADE3EC2AB1194A00FEA463 /* Assignment 04 Part 3.cpp */,
				17E727C22ABA5F340015858F /* MidTerm Problem 2.cpp */,
				171CBACE2A99933300AA771E /* vector.h */,
				1738A9D22AA7803D00F78CF6 /* list.h */,
				1738A9D72AA7873400F78CF6 /* bag.h */,
				1738A9D82AA7886000F78CF6 /* circularlist.h */,
				1738A9D92AA78A2E00F78CF6 /* prioritylist.h */,
				17ADE3EE2AB1285800FEA463 /* seqcontainer.h */,
				17ADE3F22AB1368700FEA463 /* stack.h */,
				17E727C72ABA606C0015858F /* selfadjustinglist.h */,
				17E727C82ABA67AF0015858F /* newlist.h */,
			);
			path = CS372;
			sourceTree = "<group>";
		};
/* End PBXGroup section */

/* Begin PBXNativeTarget section */
		173315D82A91C62500966230 /* CS372 */ = {
			isa = PBXNativeTarget;
			buildConfigurationList = 173315E02A91C62500966230 /* Build configuration list for PBXNativeTarget "CS372" */;
			buildPhases = (
				173315D52A91C62500966230 /* Sources */,
				173315D62A91C62500966230 /* Frameworks */,
				173315D72A91C62500966230 /* CopyFiles */,
			);
			buildRules = (
			);
			dependencies = (
			);
			name = CS372;
			productName = CS372;
			productReference = 173315D92A91C62500966230 /* CS372 */;
			productType = "com.apple.product-type.tool";
		};
/* End PBXNativeTarget section */

/* Begin PBXProject section */
		173315D12A91C62500966230 /* Project object */ = {
			isa = PBXProject;
			attributes = {
				BuildIndependentTargetsInParallel = 1;
				LastUpgradeCheck = 1430;
				TargetAttributes = {
					173315D82A91C62500966230 = {
						CreatedOnToolsVersion = 14.3.1;
					};
				};
			};
			buildConfigurationList = 173315D42A91C62500966230 /* Build configuration list for PBXProject "CS372" */;
			compatibilityVersion = "Xcode 14.0";
			developmentRegion = en;
			hasScannedForEncodings = 0;
			knownRegions = (
				en,
				Base,
			);
			mainGroup = 173315D02A91C62500966230;
			productRefGroup = 173315DA2A91C62500966230 /* Products */;
			projectDirPath = "";
			projectRoot = "";
			targets = (
				173315D82A91C62500966230 /* CS372 */,
			);
		};
/* End PBXProject section */

/* Begin PBXSourcesBuildPhase section */
		173315D52A91C62500966230 /* Sources */ = {
			isa = PBXSourcesBuildPhase;
			buildActionMask = 2147483647;
			files = (
				17E727C32ABA5F340015858F /* MidTerm Problem 2.cpp in Sources */,
			);
			runOnlyForDeploymentPostprocessing = 0;
		};
/* End PBXSourcesBuildPhase section */

/* Begin XCBuildConfiguration section */
		173315DE2A91C62500966230 /* Debug */ = {
			isa = XCBuildConfiguration;
			buildSettings = {
				ALWAYS_SEARCH_USER_PATHS = NO;
				CLANG_ANALYZER_NONNULL = YES;
				CLANG_ANALYZER_NUMBER_OBJECT_CONVERSION = YES_AGGRESSIVE;
				CLANG_CXX_LANGUAGE_STANDARD = "gnu++20";
				CLANG_ENABLE_MODULES = YES;
				CLANG_ENABLE_OBJC_ARC = YES;
				CLANG_ENABLE_OBJC_WEAK = YES;
				CLANG_WARN_BLOCK_CAPTURE_AUTORELEASING = YES;
				CLANG_WARN_BOOL_CONVERSION = YES;
				CLANG_WARN_COMMA = YES;
				CLANG_WARN_CONSTANT_CONVERSION = YES;
				CLANG_WARN_DEPRECATED_OBJC_IMPLEMENTATIONS = YES;
				CLANG_WARN_DIRECT_OBJC_ISA_USAGE = YES_ERROR;
				CLANG_WARN_DOCUMENTATION_COMMENTS = YES;
				CLANG_WARN_EMPTY_BODY = YES;
				CLANG_WARN_ENUM_CONVERSION = YES;
				CLANG_WARN_INFINITE_RECURSION = YES;
				CLANG_WARN_INT_CONVERSION = YES;
				CLANG_WARN_NON_LITERAL_NULL_CONVERSION = YES;
				CLANG_WARN_OBJC_IMPLICIT_RETAIN_SELF = YES;
				CLANG_WARN_OBJC_LITERAL_CONVERSION = YES;
				CLANG_WARN_OBJC_ROOT_CLASS = YES_ERROR;
				CLANG_WARN_QUOTED_INCLUDE_IN_FRAMEWORK_HEADER = YES;
				CLANG_WARN_RANGE_LOOP_ANALYSIS = YES;
				CLANG_WARN_STRICT_PROTOTYPES = YES;
				CLANG_WARN_SUSPICIOUS_MOVE = YES;
				CLANG_WARN_UNGUARDED_AVAILABILITY = YES_AGGRESSIVE;
				CLANG_WARN_UNREACHABLE_CODE = YES;
				CLANG_WARN__DUPLICATE_METHOD_MATCH = YES;
				COPY_PHASE_STRIP = NO;
				DEBUG_INFORMATION_FORMAT = dwarf;
				ENABLE_STRICT_OBJC_MSGSEND = YES;
				ENABLE_TESTABILITY = YES;
				GCC_C_LANGUAGE_STANDARD = gnu11;
				GCC_DYNAMIC_NO_PIC = NO;
				GCC_NO_COMMON_BLOCKS = YES;
				GCC_OPTIMIZATION_LEVEL = 0;
				GCC_PREPROCESSOR_DEFINITIONS = (
					"DEBUG=1",
					"$(inherited)",
				);
				GCC_WARN_64_TO_32_BIT_CONVERSION = YES;
				GCC_WARN_ABOUT_RETURN_TYPE = YES_ERROR;
				GCC_WARN_UNDECLARED_SELECTOR = YES;
				GCC_WARN_UNINITIALIZED_AUTOS = YES_AGGRESSIVE;
				GCC_WARN_UNUSED_FUNCTION = YES;
				GCC_WARN_UNUSED_VARIABLE = YES;
				MACOSX_DEPLOYMENT_TARGET = 13.3;
				MTL_ENABLE_DEBUG_INFO = INCLUDE_SOURCE;
				MTL_FAST_MATH = YES;
				ONLY_ACTIVE_ARCH = YES;
				SDKROOT = macosx;
			};
			name = Debug;
		};
		173315DF2A91C62500966230 /* Release */ = {
			isa = XCBuildConfiguration;
			buildSettings = {
				ALWAYS_SEARCH_USER_PATHS = NO;
				CLANG_ANALYZER_NONNULL = YES;
				CLANG_ANALYZER_NUMBER_OBJECT_CONVERSION = YES_AGGRESSIVE;
				CLANG_CXX_LANGUAGE_STANDARD = "gnu++20";
				CLANG_ENABLE_MODULES = YES;
				CLANG_ENABLE_OBJC_ARC = YES;
				CLANG_ENABLE_OBJC_WEAK = YES;
				CLANG_WARN_BLOCK_CAPTURE_AUTORELEASING = YES;
				CLANG_WARN_BOOL_CONVERSION = YES;
				CLANG_WARN_COMMA = YES;
				CLANG_WARN_CONSTANT_CONVERSION = YES;
				CLANG_WARN_DEPRECATED_OBJC_IMPLEMENTATIONS = YES;
				CLANG_WARN_DIRECT_OBJC_ISA_USAGE = YES_ERROR;
				CLANG_WARN_DOCUMENTATION_COMMENTS = YES;
				CLANG_WARN_EMPTY_BODY = YES;
				CLANG_WARN_ENUM_CONVERSION = YES;
				CLANG_WARN_INFINITE_RECURSION = YES;
				CLANG_WARN_INT_CONVERSION = YES;
				CLANG_WARN_NON_LITERAL_NULL_CONVERSION = YES;
				CLANG_WARN_OBJC_IMPLICIT_RETAIN_SELF = YES;
				CLANG_WARN_OBJC_LITERAL_CONVERSION = YES;
				CLANG_WARN_OBJC_ROOT_CLASS = YES_ERROR;
				CLANG_WARN_QUOTED_INCLUDE_IN_FRAMEWORK_HEADER = YES;
				CLANG_WARN_RANGE_LOOP_ANALYSIS = YES;
				CLANG_WARN_STRICT_PROTOTYPES = YES;
				CLANG_WARN_SUSPICIOUS_MOVE = YES;
				CLANG_WARN_UNGUARDED_AVAILABILITY = YES_AGGRESSIVE;
				CLANG_WARN_UNREACHABLE_CODE = YES;
				CLANG_WARN__DUPLICATE_METHOD_MATCH = YES;
				COPY_PHASE_STRIP = NO;
				DEBUG_INFORMATION_FORMAT = "dwarf-with-dsym";
				ENABLE_NS_ASSERTIONS = NO;
				ENABLE_STRICT_OBJC_MSGSEND = YES;
				GCC_C_LANGUAGE_STANDARD = gnu11;
				GCC_NO_COMMON_BLOCKS = YES;
				GCC_WARN_64_TO_32_BIT_CONVERSION = YES;
				GCC_WARN_ABOUT_RETURN_TYPE = YES_ERROR;
				GCC_WARN_UNDECLARED_SELECTOR = YES;
				GCC_WARN_UNINITIALIZED_AUTOS = YES_AGGRESSIVE;
				GCC_WARN_UNUSED_FUNCTION = YES;
				GCC_WARN_UNUSED_VARIABLE = YES;
				MACOSX_DEPLOYMENT_TARGET = 13.3;
				MTL_ENABLE_DEBUG_INFO = NO;
				MTL_FAST_MATH = YES;
				SDKROOT = macosx;
			};
			name = Release;
		};
		173315E12A91C62500966230 /* Debug */ = {
			isa = XCBuildConfiguration;
			buildSettings = {
				CODE_SIGN_STYLE = Automatic;
				PRODUCT_NAME = "$(TARGET_NAME)";
			};
			name = Debug;
		};
		173315E22A91C62500966230 /* Release */ = {
			isa = XCBuildConfiguration;
			buildSettings = {
				CODE_SIGN_STYLE = Automatic;
				PRODUCT_NAME = "$(TARGET_NAME)";
			};
			name = Release;
		};
/* End XCBuildConfiguration section */

/* Begin XCConfigurationList section */
		173315D42A91C62500966230 /* Build configuration list for PBXProject "CS372" */ = {
			isa = XCConfigurationList;
			buildConfigurations = (
				173315DE2A91C62500966230 /* Debug */,
				173315DF2A91C62500966230 /* Release */,
			);
			defaultConfigurationIsVisible = 0;
			defaultConfigurationName = Release;
		};
		173315E02A91C62500966230 /* Build configuration list for PBXNativeTarget "CS372" */ = {
			isa = XCConfigurationList;
			buildConfigurations = (
				173315E12A91C62500966230 /* Debug */,
				173315E22A91C62500966230 /* Release */,
			);
			defaultConfigurationIsVisible = 0;
			defaultConfigurationName = Release;
		};
/* End XCConfigurationList section */
	};
	rootObject = 173315D12A91C62500966230 /* Project object */;
}
